
Microsoft Visual Studio Solution File, Format Version 12.00
# Visual Studio Version 17
VisualStudioVersion = 17.4.33213.308
MinimumVisualStudioVersion = 10.0.40219.1
Project("{FAE04EC0-301F-11D3-BF4B-00C04F79EFBC}") = "Fase 3 Daniel Vinsaco", "Fase 3 Daniel Vinsaco.csproj", "{97AC22BA-4F22-4B92-BFCA-809D81AB4212}"
EndProject
Global
	GlobalSection(SolutionConfigurationPlatforms) = preSolution
		Debug|Any CPU = Debug|Any CPU
		Release|Any CPU = Release|Any CPU
	EndGlobalSection
	GlobalSection(ProjectConfigurationPlatforms) = postSolution
		{97AC22BA-4F22-4B92-BFCA-809D81AB4212}.Debug|Any CPU.ActiveCfg = Debug|Any CPU
		{97AC22BA-4F22-4B92-BFCA-809D81AB4212}.Debug|Any CPU.Build.0 = Debug|Any CPU
		{97AC22BA-4F22-4B92-BFCA-809D81AB4212}.Release|Any CPU.ActiveCfg = Release|Any CPU
		{97AC22BA-4F22-4B92-BFCA-809D81AB4212}.Release|Any CPU.Build.0 = Release|Any CPU
	EndGlobalSection
	GlobalSection(SolutionProperties) = preSolution
		HideSolutionNode = FALSE
	EndGlobalSection
	GlobalSection(ExtensibilityGlobals) = postSolution
		SolutionGuid = {812A33D5-8C23-4E3A-A45E-03C2C27A6DC3}
	EndGlobalSection
EndGlobal
